// !$*UTF8*$!
{
	archiveVersion = 1;
	classes = {
	};
	objectVersion = 50;
	objects = {

/* Begin PBXBuildFile section */
		E141385426D663A400300CAA /* OverrideViewControllerTests.swift in Sources */ = {isa = PBXBuildFile; fileRef = E141385326D663A400300CAA /* OverrideViewControllerTests.swift */; };
		E1BF8F2F26D7A53200F52F41 /* InstanceInitializerViewControllerTests.swift in Sources */ = {isa = PBXBuildFile; fileRef = E1BF8F2E26D7A53200F52F41 /* InstanceInitializerViewControllerTests.swift */; };
		E1BF8F3126D7A6C200F52F41 /* InstancePropertyViewControllerTests.swift in Sources */ = {isa = PBXBuildFile; fileRef = E1BF8F3026D7A6C200F52F41 /* InstancePropertyViewControllerTests.swift */; };
		E1BF8F3326D7A9B600F52F41 /* ClosureInitializerViewControllerTests.swift in Sources */ = {isa = PBXBuildFile; fileRef = E1BF8F3226D7A9B600F52F41 /* ClosureInitializerViewControllerTests.swift */; };
		E1BF8F3526D7AB7900F52F41 /* ClosurePropertyViewControllerTests.swift in Sources */ = {isa = PBXBuildFile; fileRef = E1BF8F3426D7AB7900F52F41 /* ClosurePropertyViewControllerTests.swift */; };
		E1F0563926CD442A00A7AB45 /* AppDelegate.swift in Sources */ = {isa = PBXBuildFile; fileRef = E1F0563826CD442A00A7AB45 /* AppDelegate.swift */; };
		E1F0563B26CD442A00A7AB45 /* SceneDelegate.swift in Sources */ = {isa = PBXBuildFile; fileRef = E1F0563A26CD442A00A7AB45 /* SceneDelegate.swift */; };
		E1F0563D26CD442A00A7AB45 /* ViewController.swift in Sources */ = {isa = PBXBuildFile; fileRef = E1F0563C26CD442A00A7AB45 /* ViewController.swift */; };
		E1F0564026CD442A00A7AB45 /* Main.storyboard in Resources */ = {isa = PBXBuildFile; fileRef = E1F0563E26CD442A00A7AB45 /* Main.storyboard */; };
		E1F0564226CD442D00A7AB45 /* Assets.xcassets in Resources */ = {isa = PBXBuildFile; fileRef = E1F0564126CD442D00A7AB45 /* Assets.xcassets */; };
		E1F0564526CD442D00A7AB45 /* LaunchScreen.storyboard in Resources */ = {isa = PBXBuildFile; fileRef = E1F0564326CD442D00A7AB45 /* LaunchScreen.storyboard */; };
		E1F0564D26CD448800A7AB45 /* Analytics.swift in Sources */ = {isa = PBXBuildFile; fileRef = E1F0564C26CD448800A7AB45 /* Analytics.swift */; };
		E1F0564F26CD457A00A7AB45 /* MySingletonAnalytics.swift in Sources */ = {isa = PBXBuildFile; fileRef = E1F0564E26CD457A00A7AB45 /* MySingletonAnalytics.swift */; };
		E1F0565126CD46AB00A7AB45 /* InstancePropertyViewController.swift in Sources */ = {isa = PBXBuildFile; fileRef = E1F0565026CD46AB00A7AB45 /* InstancePropertyViewController.swift */; };
		E1F0565326CD48EC00A7AB45 /* ClosurePropertyViewController.swift in Sources */ = {isa = PBXBuildFile; fileRef = E1F0565226CD48EC00A7AB45 /* ClosurePropertyViewController.swift */; };
		E1F0565626CD493D00A7AB45 /* OverrideViewController.swift in Sources */ = {isa = PBXBuildFile; fileRef = E1F0565426CD493D00A7AB45 /* OverrideViewController.swift */; };
		E1F0565726CD493D00A7AB45 /* OverrideViewController.xib in Resources */ = {isa = PBXBuildFile; fileRef = E1F0565526CD493D00A7AB45 /* OverrideViewController.xib */; };
		E1F0565A26CD497900A7AB45 /* InstanceInitializerViewController.swift in Sources */ = {isa = PBXBuildFile; fileRef = E1F0565826CD497900A7AB45 /* InstanceInitializerViewController.swift */; };
		E1F0565B26CD497900A7AB45 /* InstanceInitializerViewController.xib in Resources */ = {isa = PBXBuildFile; fileRef = E1F0565926CD497900A7AB45 /* InstanceInitializerViewController.xib */; };
		E1F0565E26CD498C00A7AB45 /* ClosureInitializerViewController.swift in Sources */ = {isa = PBXBuildFile; fileRef = E1F0565C26CD498C00A7AB45 /* ClosureInitializerViewController.swift */; };
		E1F0565F26CD498C00A7AB45 /* ClosureInitializerViewController.xib in Resources */ = {isa = PBXBuildFile; fileRef = E1F0565D26CD498C00A7AB45 /* ClosureInitializerViewController.xib */; };
		E1F0566226CD499F00A7AB45 /* MySingletonViewController.swift in Sources */ = {isa = PBXBuildFile; fileRef = E1F0566026CD499F00A7AB45 /* MySingletonViewController.swift */; };
		E1F0566326CD499F00A7AB45 /* MySingletonViewController.xib in Resources */ = {isa = PBXBuildFile; fileRef = E1F0566126CD499F00A7AB45 /* MySingletonViewController.xib */; };
		E1F0567C26CD509900A7AB45 /* HardDependenciesTests.swift in Sources */ = {isa = PBXBuildFile; fileRef = E1F0567B26CD509900A7AB45 /* HardDependenciesTests.swift */; };
		E1F0568426CD50AD00A7AB45 /* MySingletonViewControllerTests.swift in Sources */ = {isa = PBXBuildFile; fileRef = E1F0568326CD50AD00A7AB45 /* MySingletonViewControllerTests.swift */; };
/* End PBXBuildFile section */

/* Begin PBXContainerItemProxy section */
		E1F0567E26CD509900A7AB45 /* PBXContainerItemProxy */ = {
			isa = PBXContainerItemProxy;
			containerPortal = E1F0562D26CD442A00A7AB45 /* Project object */;
			proxyType = 1;
			remoteGlobalIDString = E1F0563426CD442A00A7AB45;
			remoteInfo = HardDependencies;
		};
/* End PBXContainerItemProxy section */

/* Begin PBXFileReference section */
		E141385326D663A400300CAA /* OverrideViewControllerTests.swift */ = {isa = PBXFileReference; lastKnownFileType = sourcecode.swift; path = OverrideViewControllerTests.swift; sourceTree = "<group>"; };
		E1BF8F2E26D7A53200F52F41 /* InstanceInitializerViewControllerTests.swift */ = {isa = PBXFileReference; lastKnownFileType = sourcecode.swift; path = InstanceInitializerViewControllerTests.swift; sourceTree = "<group>"; };
		E1BF8F3026D7A6C200F52F41 /* InstancePropertyViewControllerTests.swift */ = {isa = PBXFileReference; lastKnownFileType = sourcecode.swift; path = InstancePropertyViewControllerTests.swift; sourceTree = "<group>"; };
		E1BF8F3226D7A9B600F52F41 /* ClosureInitializerViewControllerTests.swift */ = {isa = PBXFileReference; lastKnownFileType = sourcecode.swift; path = ClosureInitializerViewControllerTests.swift; sourceTree = "<group>"; };
		E1BF8F3426D7AB7900F52F41 /* ClosurePropertyViewControllerTests.swift */ = {isa = PBXFileReference; lastKnownFileType = sourcecode.swift; path = ClosurePropertyViewControllerTests.swift; sourceTree = "<group>"; };
		E1F0563526CD442A00A7AB45 /* HardDependencies.app */ = {isa = PBXFileReference; explicitFileType = wrapper.application; includeInIndex = 0; path = HardDependencies.app; sourceTree = BUILT_PRODUCTS_DIR; };
		E1F0563826CD442A00A7AB45 /* AppDelegate.swift */ = {isa = PBXFileReference; lastKnownFileType = sourcecode.swift; path = AppDelegate.swift; sourceTree = "<group>"; };
		E1F0563A26CD442A00A7AB45 /* SceneDelegate.swift */ = {isa = PBXFileReference; lastKnownFileType = sourcecode.swift; path = SceneDelegate.swift; sourceTree = "<group>"; };
		E1F0563C26CD442A00A7AB45 /* ViewController.swift */ = {isa = PBXFileReference; lastKnownFileType = sourcecode.swift; path = ViewController.swift; sourceTree = "<group>"; };
		E1F0563F26CD442A00A7AB45 /* Base */ = {isa = PBXFileReference; lastKnownFileType = file.storyboard; name = Base; path = Base.lproj/Main.storyboard; sourceTree = "<group>"; };
		E1F0564126CD442D00A7AB45 /* Assets.xcassets */ = {isa = PBXFileReference; lastKnownFileType = folder.assetcatalog; path = Assets.xcassets; sourceTree = "<group>"; };
		E1F0564426CD442D00A7AB45 /* Base */ = {isa = PBXFileReference; lastKnownFileType = file.storyboard; name = Base; path = Base.lproj/LaunchScreen.storyboard; sourceTree = "<group>"; };
		E1F0564626CD442D00A7AB45 /* Info.plist */ = {isa = PBXFileReference; lastKnownFileType = text.plist.xml; path = Info.plist; sourceTree = "<group>"; };
		E1F0564C26CD448800A7AB45 /* Analytics.swift */ = {isa = PBXFileReference; lastKnownFileType = sourcecode.swift; path = Analytics.swift; sourceTree = "<group>"; };
		E1F0564E26CD457A00A7AB45 /* MySingletonAnalytics.swift */ = {isa = PBXFileReference; lastKnownFileType = sourcecode.swift; path = MySingletonAnalytics.swift; sourceTree = "<group>"; };
		E1F0565026CD46AB00A7AB45 /* InstancePropertyViewController.swift */ = {isa = PBXFileReference; lastKnownFileType = sourcecode.swift; path = InstancePropertyViewController.swift; sourceTree = "<group>"; };
		E1F0565226CD48EC00A7AB45 /* ClosurePropertyViewController.swift */ = {isa = PBXFileReference; lastKnownFileType = sourcecode.swift; path = ClosurePropertyViewController.swift; sourceTree = "<group>"; };
		E1F0565426CD493D00A7AB45 /* OverrideViewController.swift */ = {isa = PBXFileReference; lastKnownFileType = sourcecode.swift; path = OverrideViewController.swift; sourceTree = "<group>"; };
		E1F0565526CD493D00A7AB45 /* OverrideViewController.xib */ = {isa = PBXFileReference; lastKnownFileType = file.xib; path = OverrideViewController.xib; sourceTree = "<group>"; };
		E1F0565826CD497900A7AB45 /* InstanceInitializerViewController.swift */ = {isa = PBXFileReference; lastKnownFileType = sourcecode.swift; path = InstanceInitializerViewController.swift; sourceTree = "<group>"; };
		E1F0565926CD497900A7AB45 /* InstanceInitializerViewController.xib */ = {isa = PBXFileReference; lastKnownFileType = file.xib; path = InstanceInitializerViewController.xib; sourceTree = "<group>"; };
		E1F0565C26CD498C00A7AB45 /* ClosureInitializerViewController.swift */ = {isa = PBXFileReference; lastKnownFileType = sourcecode.swift; path = ClosureInitializerViewController.swift; sourceTree = "<group>"; };
		E1F0565D26CD498C00A7AB45 /* ClosureInitializerViewController.xib */ = {isa = PBXFileReference; lastKnownFileType = file.xib; path = ClosureInitializerViewController.xib; sourceTree = "<group>"; };
		E1F0566026CD499F00A7AB45 /* MySingletonViewController.swift */ = {isa = PBXFileReference; lastKnownFileType = sourcecode.swift; path = MySingletonViewController.swift; sourceTree = "<group>"; };
		E1F0566126CD499F00A7AB45 /* MySingletonViewController.xib */ = {isa = PBXFileReference; lastKnownFileType = file.xib; path = MySingletonViewController.xib; sourceTree = "<group>"; };
		E1F0567926CD509900A7AB45 /* HardDependenciesTests.xctest */ = {isa = PBXFileReference; explicitFileType = wrapper.cfbundle; includeInIndex = 0; path = HardDependenciesTests.xctest; sourceTree = BUILT_PRODUCTS_DIR; };
		E1F0567B26CD509900A7AB45 /* HardDependenciesTests.swift */ = {isa = PBXFileReference; lastKnownFileType = sourcecode.swift; path = HardDependenciesTests.swift; sourceTree = "<group>"; };
		E1F0567D26CD509900A7AB45 /* Info.plist */ = {isa = PBXFileReference; lastKnownFileType = text.plist.xml; path = Info.plist; sourceTree = "<group>"; };
		E1F0568326CD50AD00A7AB45 /* MySingletonViewControllerTests.swift */ = {isa = PBXFileReference; lastKnownFileType = sourcecode.swift; path = MySingletonViewControllerTests.swift; sourceTree = "<group>"; };
/* End PBXFileReference section */

/* Begin PBXFrameworksBuildPhase section */
		E1F0563226CD442A00A7AB45 /* Frameworks */ = {
			isa = PBXFrameworksBuildPhase;
			buildActionMask = 2147483647;
			files = (
			);
			runOnlyForDeploymentPostprocessing = 0;
		};
		E1F0567626CD509900A7AB45 /* Frameworks */ = {
			isa = PBXFrameworksBuildPhase;
			buildActionMask = 2147483647;
			files = (
			);
			runOnlyForDeploymentPostprocessing = 0;
		};
/* End PBXFrameworksBuildPhase section */

/* Begin PBXGroup section */
		E1F0562C26CD442A00A7AB45 = {
			isa = PBXGroup;
			children = (
				E1F0563726CD442A00A7AB45 /* HardDependencies */,
				E1F0567A26CD509900A7AB45 /* HardDependenciesTests */,
				E1F0563626CD442A00A7AB45 /* Products */,
			);
			sourceTree = "<group>";
		};
		E1F0563626CD442A00A7AB45 /* Products */ = {
			isa = PBXGroup;
			children = (
				E1F0563526CD442A00A7AB45 /* HardDependencies.app */,
				E1F0567926CD509900A7AB45 /* HardDependenciesTests.xctest */,
			);
			name = Products;
			sourceTree = "<group>";
		};
		E1F0563726CD442A00A7AB45 /* HardDependencies */ = {
			isa = PBXGroup;
			children = (
				E1F0563826CD442A00A7AB45 /* AppDelegate.swift */,
				E1F0563A26CD442A00A7AB45 /* SceneDelegate.swift */,
				E1F0563C26CD442A00A7AB45 /* ViewController.swift */,
				E1F0563E26CD442A00A7AB45 /* Main.storyboard */,
				E1F0564126CD442D00A7AB45 /* Assets.xcassets */,
				E1F0564326CD442D00A7AB45 /* LaunchScreen.storyboard */,
				E1F0564626CD442D00A7AB45 /* Info.plist */,
				E1F0564C26CD448800A7AB45 /* Analytics.swift */,
				E1F0564E26CD457A00A7AB45 /* MySingletonAnalytics.swift */,
				E1F0565026CD46AB00A7AB45 /* InstancePropertyViewController.swift */,
				E1F0565226CD48EC00A7AB45 /* ClosurePropertyViewController.swift */,
				E1F0565426CD493D00A7AB45 /* OverrideViewController.swift */,
				E1F0565526CD493D00A7AB45 /* OverrideViewController.xib */,
				E1F0565826CD497900A7AB45 /* InstanceInitializerViewController.swift */,
				E1F0565926CD497900A7AB45 /* InstanceInitializerViewController.xib */,
				E1F0565C26CD498C00A7AB45 /* ClosureInitializerViewController.swift */,
				E1F0565D26CD498C00A7AB45 /* ClosureInitializerViewController.xib */,
				E1F0566026CD499F00A7AB45 /* MySingletonViewController.swift */,
				E1F0566126CD499F00A7AB45 /* MySingletonViewController.xib */,
			);
			path = HardDependencies;
			sourceTree = "<group>";
		};
		E1F0567A26CD509900A7AB45 /* HardDependenciesTests */ = {
			isa = PBXGroup;
			children = (
				E1F0567B26CD509900A7AB45 /* HardDependenciesTests.swift */,
				E1F0567D26CD509900A7AB45 /* Info.plist */,
				E1F0568326CD50AD00A7AB45 /* MySingletonViewControllerTests.swift */,
				E141385326D663A400300CAA /* OverrideViewControllerTests.swift */,
				E1BF8F2E26D7A53200F52F41 /* InstanceInitializerViewControllerTests.swift */,
				E1BF8F3026D7A6C200F52F41 /* InstancePropertyViewControllerTests.swift */,
				E1BF8F3226D7A9B600F52F41 /* ClosureInitializerViewControllerTests.swift */,
				E1BF8F3426D7AB7900F52F41 /* ClosurePropertyViewControllerTests.swift */,
			);
			path = HardDependenciesTests;
			sourceTree = "<group>";
		};
/* End PBXGroup section */

/* Begin PBXNativeTarget section */
		E1F0563426CD442A00A7AB45 /* HardDependencies */ = {
			isa = PBXNativeTarget;
			buildConfigurationList = E1F0564926CD442D00A7AB45 /* Build configuration list for PBXNativeTarget "HardDependencies" */;
			buildPhases = (
				E1F0563126CD442A00A7AB45 /* Sources */,
				E1F0563226CD442A00A7AB45 /* Frameworks */,
				E1F0563326CD442A00A7AB45 /* Resources */,
			);
			buildRules = (
			);
			dependencies = (
			);
			name = HardDependencies;
			productName = HardDependencies;
			productReference = E1F0563526CD442A00A7AB45 /* HardDependencies.app */;
			productType = "com.apple.product-type.application";
		};
		E1F0567826CD509900A7AB45 /* HardDependenciesTests */ = {
			isa = PBXNativeTarget;
			buildConfigurationList = E1F0568026CD509900A7AB45 /* Build configuration list for PBXNativeTarget "HardDependenciesTests" */;
			buildPhases = (
				E1F0567526CD509900A7AB45 /* Sources */,
				E1F0567626CD509900A7AB45 /* Frameworks */,
				E1F0567726CD509900A7AB45 /* Resources */,
			);
			buildRules = (
			);
			dependencies = (
				E1F0567F26CD509900A7AB45 /* PBXTargetDependency */,
			);
			name = HardDependenciesTests;
			productName = HardDependenciesTests;
			productReference = E1F0567926CD509900A7AB45 /* HardDependenciesTests.xctest */;
			productType = "com.apple.product-type.bundle.unit-test";
		};
/* End PBXNativeTarget section */

/* Begin PBXProject section */
		E1F0562D26CD442A00A7AB45 /* Project object */ = {
			isa = PBXProject;
			attributes = {
				LastSwiftUpdateCheck = 1250;
				LastUpgradeCheck = 1250;
				TargetAttributes = {
					E1F0563426CD442A00A7AB45 = {
						CreatedOnToolsVersion = 12.5.1;
					};
					E1F0567826CD509900A7AB45 = {
						CreatedOnToolsVersion = 12.5.1;
						TestTargetID = E1F0563426CD442A00A7AB45;
					};
				};
			};
			buildConfigurationList = E1F0563026CD442A00A7AB45 /* Build configuration list for PBXProject "HardDependencies" */;
			compatibilityVersion = "Xcode 9.3";
			developmentRegion = en;
			hasScannedForEncodings = 0;
			knownRegions = (
				en,
				Base,
			);
			mainGroup = E1F0562C26CD442A00A7AB45;
			productRefGroup = E1F0563626CD442A00A7AB45 /* Products */;
			projectDirPath = "";
			projectRoot = "";
			targets = (
				E1F0563426CD442A00A7AB45 /* HardDependencies */,
				E1F0567826CD509900A7AB45 /* HardDependenciesTests */,
			);
		};
/* End PBXProject section */

/* Begin PBXResourcesBuildPhase section */
		E1F0563326CD442A00A7AB45 /* Resources */ = {
			isa = PBXResourcesBuildPhase;
			buildActionMask = 2147483647;
			files = (
				E1F0565B26CD497900A7AB45 /* InstanceInitializerViewController.xib in Resources */,
				E1F0564526CD442D00A7AB45 /* LaunchScreen.storyboard in Resources */,
				E1F0564226CD442D00A7AB45 /* Assets.xcassets in Resources */,
				E1F0565726CD493D00A7AB45 /* OverrideViewController.xib in Resources */,
				E1F0564026CD442A00A7AB45 /* Main.storyboard in Resources */,
				E1F0565F26CD498C00A7AB45 /* ClosureInitializerViewController.xib in Resources */,
				E1F0566326CD499F00A7AB45 /* MySingletonViewController.xib in Resources */,
			);
			runOnlyForDeploymentPostprocessing = 0;
		};
		E1F0567726CD509900A7AB45 /* Resources */ = {
			isa = PBXResourcesBuildPhase;
			buildActionMask = 2147483647;
			files = (
			);
			runOnlyForDeploymentPostprocessing = 0;
		};
/* End PBXResourcesBuildPhase section */

/* Begin PBXSourcesBuildPhase section */
		E1F0563126CD442A00A7AB45 /* Sources */ = {
			isa = PBXSourcesBuildPhase;
			buildActionMask = 2147483647;
			files = (
				E1F0563D26CD442A00A7AB45 /* ViewController.swift in Sources */,
				E1F0563926CD442A00A7AB45 /* AppDelegate.swift in Sources */,
				E1F0564D26CD448800A7AB45 /* Analytics.swift in Sources */,
				E1F0564F26CD457A00A7AB45 /* MySingletonAnalytics.swift in Sources */,
				E1F0565126CD46AB00A7AB45 /* InstancePropertyViewController.swift in Sources */,
				E1F0566226CD499F00A7AB45 /* MySingletonViewController.swift in Sources */,
				E1F0563B26CD442A00A7AB45 /* SceneDelegate.swift in Sources */,
				E1F0565626CD493D00A7AB45 /* OverrideViewController.swift in Sources */,
				E1F0565E26CD498C00A7AB45 /* ClosureInitializerViewController.swift in Sources */,
				E1F0565A26CD497900A7AB45 /* InstanceInitializerViewController.swift in Sources */,
				E1F0565326CD48EC00A7AB45 /* ClosurePropertyViewController.swift in Sources */,
			);
			runOnlyForDeploymentPostprocessing = 0;
		};
		E1F0567526CD509900A7AB45 /* Sources */ = {
			isa = PBXSourcesBuildPhase;
			buildActionMask = 2147483647;
			files = (
				E1BF8F3526D7AB7900F52F41 /* ClosurePropertyViewControllerTests.swift in Sources */,
				E1BF8F3126D7A6C200F52F41 /* InstancePropertyViewControllerTests.swift in Sources */,
				E1BF8F3326D7A9B600F52F41 /* ClosureInitializerViewControllerTests.swift in Sources */,
				E1F0568426CD50AD00A7AB45 /* MySingletonViewControllerTests.swift in Sources */,
				E1F0567C26CD509900A7AB45 /* HardDependenciesTests.swift in Sources */,
				E1BF8F2F26D7A53200F52F41 /* InstanceInitializerViewControllerTests.swift in Sources */,
				E141385426D663A400300CAA /* OverrideViewControllerTests.swift in Sources */,
			);
			runOnlyForDeploymentPostprocessing = 0;
		};
/* End PBXSourcesBuildPhase section */

/* Begin PBXTargetDependency section */
		E1F0567F26CD509900A7AB45 /* PBXTargetDependency */ = {
			isa = PBXTargetDependency;
			target = E1F0563426CD442A00A7AB45 /* HardDependencies */;
			targetProxy = E1F0567E26CD509900A7AB45 /* PBXContainerItemProxy */;
		};
/* End PBXTargetDependency section */

/* Begin PBXVariantGroup section */
		E1F0563E26CD442A00A7AB45 /* Main.storyboard */ = {
			isa = PBXVariantGroup;
			children = (
				E1F0563F26CD442A00A7AB45 /* Base */,
			);
			name = Main.storyboard;
			sourceTree = "<group>";
		};
		E1F0564326CD442D00A7AB45 /* LaunchScreen.storyboard */ = {
			isa = PBXVariantGroup;
			children = (
				E1F0564426CD442D00A7AB45 /* Base */,
			);
			name = LaunchScreen.storyboard;
			sourceTree = "<group>";
		};
/* End PBXVariantGroup section */

/* Begin XCBuildConfiguration section */
		E1F0564726CD442D00A7AB45 /* Debug */ = {
			isa = XCBuildConfiguration;
			buildSettings = {
				ALWAYS_SEARCH_USER_PATHS = NO;
				CLANG_ANALYZER_NONNULL = YES;
				CLANG_ANALYZER_NUMBER_OBJECT_CONVERSION = YES_AGGRESSIVE;
				CLANG_CXX_LANGUAGE_STANDARD = "gnu++14";
				CLANG_CXX_LIBRARY = "libc++";
				CLANG_ENABLE_MODULES = YES;
				CLANG_ENABLE_OBJC_ARC = YES;
				CLANG_ENABLE_OBJC_WEAK = YES;
				CLANG_WARN_BLOCK_CAPTURE_AUTORELEASING = YES;
				CLANG_WARN_BOOL_CONVERSION = YES;
				CLANG_WARN_COMMA = YES;
				CLANG_WARN_CONSTANT_CONVERSION = YES;
				CLANG_WARN_DEPRECATED_OBJC_IMPLEMENTATIONS = YES;
				CLANG_WARN_DIRECT_OBJC_ISA_USAGE = YES_ERROR;
				CLANG_WARN_DOCUMENTATION_COMMENTS = YES;
				CLANG_WARN_EMPTY_BODY = YES;
				CLANG_WARN_ENUM_CONVERSION = YES;
				CLANG_WARN_INFINITE_RECURSION = YES;
				CLANG_WARN_INT_CONVERSION = YES;
				CLANG_WARN_NON_LITERAL_NULL_CONVERSION = YES;
				CLANG_WARN_OBJC_IMPLICIT_RETAIN_SELF = YES;
				CLANG_WARN_OBJC_LITERAL_CONVERSION = YES;
				CLANG_WARN_OBJC_ROOT_CLASS = YES_ERROR;
				CLANG_WARN_QUOTED_INCLUDE_IN_FRAMEWORK_HEADER = YES;
				CLANG_WARN_RANGE_LOOP_ANALYSIS = YES;
				CLANG_WARN_STRICT_PROTOTYPES = YES;
				CLANG_WARN_SUSPICIOUS_MOVE = YES;
				CLANG_WARN_UNGUARDED_AVAILABILITY = YES_AGGRESSIVE;
				CLANG_WARN_UNREACHABLE_CODE = YES;
				CLANG_WARN__DUPLICATE_METHOD_MATCH = YES;
				COPY_PHASE_STRIP = NO;
				DEBUG_INFORMATION_FORMAT = dwarf;
				ENABLE_STRICT_OBJC_MSGSEND = YES;
				ENABLE_TESTABILITY = YES;
				GCC_C_LANGUAGE_STANDARD = gnu11;
				GCC_DYNAMIC_NO_PIC = NO;
				GCC_NO_COMMON_BLOCKS = YES;
				GCC_OPTIMIZATION_LEVEL = 0;
				GCC_PREPROCESSOR_DEFINITIONS = (
					"DEBUG=1",
					"$(inherited)",
				);
				GCC_WARN_64_TO_32_BIT_CONVERSION = YES;
				GCC_WARN_ABOUT_RETURN_TYPE = YES_ERROR;
				GCC_WARN_UNDECLARED_SELECTOR = YES;
				GCC_WARN_UNINITIALIZED_AUTOS = YES_AGGRESSIVE;
				GCC_WARN_UNUSED_FUNCTION = YES;
				GCC_WARN_UNUSED_VARIABLE = YES;
				IPHONEOS_DEPLOYMENT_TARGET = 14.5;
				MTL_ENABLE_DEBUG_INFO = INCLUDE_SOURCE;
				MTL_FAST_MATH = YES;
				ONLY_ACTIVE_ARCH = YES;
				SDKROOT = iphoneos;
				SWIFT_ACTIVE_COMPILATION_CONDITIONS = DEBUG;
				SWIFT_OPTIMIZATION_LEVEL = "-Onone";
			};
			name = Debug;
		};
		E1F0564826CD442D00A7AB45 /* Release */ = {
			isa = XCBuildConfiguration;
			buildSettings = {
				ALWAYS_SEARCH_USER_PATHS = NO;
				CLANG_ANALYZER_NONNULL = YES;
				CLANG_ANALYZER_NUMBER_OBJECT_CONVERSION = YES_AGGRESSIVE;
				CLANG_CXX_LANGUAGE_STANDARD = "gnu++14";
				CLANG_CXX_LIBRARY = "libc++";
				CLANG_ENABLE_MODULES = YES;
				CLANG_ENABLE_OBJC_ARC = YES;
				CLANG_ENABLE_OBJC_WEAK = YES;
				CLANG_WARN_BLOCK_CAPTURE_AUTORELEASING = YES;
				CLANG_WARN_BOOL_CONVERSION = YES;
				CLANG_WARN_COMMA = YES;
				CLANG_WARN_CONSTANT_CONVERSION = YES;
				CLANG_WARN_DEPRECATED_OBJC_IMPLEMENTATIONS = YES;
				CLANG_WARN_DIRECT_OBJC_ISA_USAGE = YES_ERROR;
				CLANG_WARN_DOCUMENTATION_COMMENTS = YES;
				CLANG_WARN_EMPTY_BODY = YES;
				CLANG_WARN_ENUM_CONVERSION = YES;
				CLANG_WARN_INFINITE_RECURSION = YES;
				CLANG_WARN_INT_CONVERSION = YES;
				CLANG_WARN_NON_LITERAL_NULL_CONVERSION = YES;
				CLANG_WARN_OBJC_IMPLICIT_RETAIN_SELF = YES;
				CLANG_WARN_OBJC_LITERAL_CONVERSION = YES;
				CLANG_WARN_OBJC_ROOT_CLASS = YES_ERROR;
				CLANG_WARN_QUOTED_INCLUDE_IN_FRAMEWORK_HEADER = YES;
				CLANG_WARN_RANGE_LOOP_ANALYSIS = YES;
				CLANG_WARN_STRICT_PROTOTYPES = YES;
				CLANG_WARN_SUSPICIOUS_MOVE = YES;
				CLANG_WARN_UNGUARDED_AVAILABILITY = YES_AGGRESSIVE;
				CLANG_WARN_UNREACHABLE_CODE = YES;
				CLANG_WARN__DUPLICATE_METHOD_MATCH = YES;
				COPY_PHASE_STRIP = NO;
				DEBUG_INFORMATION_FORMAT = "dwarf-with-dsym";
				ENABLE_NS_ASSERTIONS = NO;
				ENABLE_STRICT_OBJC_MSGSEND = YES;
				GCC_C_LANGUAGE_STANDARD = gnu11;
				GCC_NO_COMMON_BLOCKS = YES;
				GCC_WARN_64_TO_32_BIT_CONVERSION = YES;
				GCC_WARN_ABOUT_RETURN_TYPE = YES_ERROR;
				GCC_WARN_UNDECLARED_SELECTOR = YES;
				GCC_WARN_UNINITIALIZED_AUTOS = YES_AGGRESSIVE;
				GCC_WARN_UNUSED_FUNCTION = YES;
				GCC_WARN_UNUSED_VARIABLE = YES;
				IPHONEOS_DEPLOYMENT_TARGET = 14.5;
				MTL_ENABLE_DEBUG_INFO = NO;
				MTL_FAST_MATH = YES;
				SDKROOT = iphoneos;
				SWIFT_COMPILATION_MODE = wholemodule;
				SWIFT_OPTIMIZATION_LEVEL = "-O";
				VALIDATE_PRODUCT = YES;
			};
			name = Release;
		};
		E1F0564A26CD442D00A7AB45 /* Debug */ = {
			isa = XCBuildConfiguration;
			buildSettings = {
				ASSETCATALOG_COMPILER_APPICON_NAME = AppIcon;
				ASSETCATALOG_COMPILER_GLOBAL_ACCENT_COLOR_NAME = AccentColor;
				CODE_SIGN_STYLE = Automatic;
				DEVELOPMENT_TEAM = T6T6SV744W;
				INFOPLIST_FILE = HardDependencies/Info.plist;
				LD_RUNPATH_SEARCH_PATHS = (
					"$(inherited)",
					"@executable_path/Frameworks",
				);
				PRODUCT_BUNDLE_IDENTIFIER = jotkafomat.HardDependencies;
				PRODUCT_NAME = "$(TARGET_NAME)";
				SWIFT_VERSION = 5.0;
				TARGETED_DEVICE_FAMILY = "1,2";
			};
			name = Debug;
		};
		E1F0564B26CD442D00A7AB45 /* Release */ = {
			isa = XCBuildConfiguration;
			buildSettings = {
				ASSETCATALOG_COMPILER_APPICON_NAME = AppIcon;
				ASSETCATALOG_COMPILER_GLOBAL_ACCENT_COLOR_NAME = AccentColor;
				CODE_SIGN_STYLE = Automatic;
				DEVELOPMENT_TEAM = T6T6SV744W;
				INFOPLIST_FILE = HardDependencies/Info.plist;
				LD_RUNPATH_SEARCH_PATHS = (
					"$(inherited)",
					"@executable_path/Frameworks",
				);
				PRODUCT_BUNDLE_IDENTIFIER = jotkafomat.HardDependencies;
				PRODUCT_NAME = "$(TARGET_NAME)";
				SWIFT_VERSION = 5.0;
				TARGETED_DEVICE_FAMILY = "1,2";
			};
			name = Release;
		};
		E1F0568126CD509900A7AB45 /* Debug */ = {
			isa = XCBuildConfiguration;
			buildSettings = {
				BUNDLE_LOADER = "$(TEST_HOST)";
				CODE_SIGN_STYLE = Automatic;
				DEVELOPMENT_TEAM = T6T6SV744W;
				INFOPLIST_FILE = HardDependenciesTests/Info.plist;
				LD_RUNPATH_SEARCH_PATHS = (
					"$(inherited)",
					"@executable_path/Frameworks",
					"@loader_path/Frameworks",
				);
				PRODUCT_BUNDLE_IDENTIFIER = jotkafomat.HardDependenciesTests;
				PRODUCT_NAME = "$(TARGET_NAME)";
				SWIFT_VERSION = 5.0;
				TARGETED_DEVICE_FAMILY = "1,2";
				TEST_HOST = "$(BUILT_PRODUCTS_DIR)/HardDependencies.app/HardDependencies";
			};
			name = Debug;
		};
		E1F0568226CD509900A7AB45 /* Release */ = {
			isa = XCBuildConfiguration;
			buildSettings = {
				BUNDLE_LOADER = "$(TEST_HOST)";
				CODE_SIGN_STYLE = Automatic;
				DEVELOPMENT_TEAM = T6T6SV744W;
				INFOPLIST_FILE = HardDependenciesTests/Info.plist;
				LD_RUNPATH_SEARCH_PATHS = (
					"$(inherited)",
					"@executable_path/Frameworks",
					"@loader_path/Frameworks",
				);
				PRODUCT_BUNDLE_IDENTIFIER = jotkafomat.HardDependenciesTests;
				PRODUCT_NAME = "$(TARGET_NAME)";
				SWIFT_VERSION = 5.0;
				TARGETED_DEVICE_FAMILY = "1,2";
				TEST_HOST = "$(BUILT_PRODUCTS_DIR)/HardDependencies.app/HardDependencies";
			};
			name = Release;
		};
/* End XCBuildConfiguration section */

/* Begin XCConfigurationList section */
		E1F0563026CD442A00A7AB45 /* Build configuration list for PBXProject "HardDependencies" */ = {
			isa = XCConfigurationList;
			buildConfigurations = (
				E1F0564726CD442D00A7AB45 /* Debug */,
				E1F0564826CD442D00A7AB45 /* Release */,
			);
			defaultConfigurationIsVisible = 0;
			defaultConfigurationName = Release;
		};
		E1F0564926CD442D00A7AB45 /* Build configuration list for PBXNativeTarget "HardDependencies" */ = {
			isa = XCConfigurationList;
			buildConfigurations = (
				E1F0564A26CD442D00A7AB45 /* Debug */,
				E1F0564B26CD442D00A7AB45 /* Release */,
			);
			defaultConfigurationIsVisible = 0;
			defaultConfigurationName = Release;
		};
		E1F0568026CD509900A7AB45 /* Build configuration list for PBXNativeTarget "HardDependenciesTests" */ = {
			isa = XCConfigurationList;
			buildConfigurations = (
				E1F0568126CD509900A7AB45 /* Debug */,
				E1F0568226CD509900A7AB45 /* Release */,
			);
			defaultConfigurationIsVisible = 0;
			defaultConfigurationName = Release;
		};
/* End XCConfigurationList section */
	};
	rootObject = E1F0562D26CD442A00A7AB45 /* Project object */;
}
