// !$*UTF8*$!
{
	archiveVersion = 1;
	classes = {
	};
	objectVersion = 50;
	objects = {

/* Begin PBXBuildFile section */
		E141382426D65E4D00300CAA /* AppDelegate.swift in Sources */ = {isa = PBXBuildFile; fileRef = E141382326D65E4D00300CAA /* AppDelegate.swift */; };
		E141382626D65E4D00300CAA /* SceneDelegate.swift in Sources */ = {isa = PBXBuildFile; fileRef = E141382526D65E4D00300CAA /* SceneDelegate.swift */; };
		E141382826D65E4D00300CAA /* ViewController.swift in Sources */ = {isa = PBXBuildFile; fileRef = E141382726D65E4D00300CAA /* ViewController.swift */; };
		E141382B26D65E4D00300CAA /* Main.storyboard in Resources */ = {isa = PBXBuildFile; fileRef = E141382926D65E4D00300CAA /* Main.storyboard */; };
		E141382D26D65E5100300CAA /* Assets.xcassets in Resources */ = {isa = PBXBuildFile; fileRef = E141382C26D65E5100300CAA /* Assets.xcassets */; };
		E141383026D65E5100300CAA /* LaunchScreen.storyboard in Resources */ = {isa = PBXBuildFile; fileRef = E141382E26D65E5100300CAA /* LaunchScreen.storyboard */; };
		E141383B26D65E5200300CAA /* HardDependenciesTestsTests.swift in Sources */ = {isa = PBXBuildFile; fileRef = E141383A26D65E5200300CAA /* HardDependenciesTestsTests.swift */; };
		E141384626D65E5200300CAA /* HardDependenciesTestsUITests.swift in Sources */ = {isa = PBXBuildFile; fileRef = E141384526D65E5200300CAA /* HardDependenciesTestsUITests.swift */; };
/* End PBXBuildFile section */

/* Begin PBXContainerItemProxy section */
		E141383726D65E5200300CAA /* PBXContainerItemProxy */ = {
			isa = PBXContainerItemProxy;
			containerPortal = E141381826D65E4D00300CAA /* Project object */;
			proxyType = 1;
			remoteGlobalIDString = E141381F26D65E4D00300CAA;
			remoteInfo = HardDependenciesTests;
		};
		E141384226D65E5200300CAA /* PBXContainerItemProxy */ = {
			isa = PBXContainerItemProxy;
			containerPortal = E141381826D65E4D00300CAA /* Project object */;
			proxyType = 1;
			remoteGlobalIDString = E141381F26D65E4D00300CAA;
			remoteInfo = HardDependenciesTests;
		};
/* End PBXContainerItemProxy section */

/* Begin PBXFileReference section */
		E141382026D65E4D00300CAA /* HardDependenciesTests.app */ = {isa = PBXFileReference; explicitFileType = wrapper.application; includeInIndex = 0; path = HardDependenciesTests.app; sourceTree = BUILT_PRODUCTS_DIR; };
		E141382326D65E4D00300CAA /* AppDelegate.swift */ = {isa = PBXFileReference; lastKnownFileType = sourcecode.swift; path = AppDelegate.swift; sourceTree = "<group>"; };
		E141382526D65E4D00300CAA /* SceneDelegate.swift */ = {isa = PBXFileReference; lastKnownFileType = sourcecode.swift; path = SceneDelegate.swift; sourceTree = "<group>"; };
		E141382726D65E4D00300CAA /* ViewController.swift */ = {isa = PBXFileReference; lastKnownFileType = sourcecode.swift; path = ViewController.swift; sourceTree = "<group>"; };
		E141382A26D65E4D00300CAA /* Base */ = {isa = PBXFileReference; lastKnownFileType = file.storyboard; name = Base; path = Base.lproj/Main.storyboard; sourceTree = "<group>"; };
		E141382C26D65E5100300CAA /* Assets.xcassets */ = {isa = PBXFileReference; lastKnownFileType = folder.assetcatalog; path = Assets.xcassets; sourceTree = "<group>"; };
		E141382F26D65E5100300CAA /* Base */ = {isa = PBXFileReference; lastKnownFileType = file.storyboard; name = Base; path = Base.lproj/LaunchScreen.storyboard; sourceTree = "<group>"; };
		E141383126D65E5100300CAA /* Info.plist */ = {isa = PBXFileReference; lastKnownFileType = text.plist.xml; path = Info.plist; sourceTree = "<group>"; };
		E141383626D65E5200300CAA /* HardDependenciesTestsTests.xctest */ = {isa = PBXFileReference; explicitFileType = wrapper.cfbundle; includeInIndex = 0; path = HardDependenciesTestsTests.xctest; sourceTree = BUILT_PRODUCTS_DIR; };
		E141383A26D65E5200300CAA /* HardDependenciesTestsTests.swift */ = {isa = PBXFileReference; lastKnownFileType = sourcecode.swift; path = HardDependenciesTestsTests.swift; sourceTree = "<group>"; };
		E141383C26D65E5200300CAA /* Info.plist */ = {isa = PBXFileReference; lastKnownFileType = text.plist.xml; path = Info.plist; sourceTree = "<group>"; };
		E141384126D65E5200300CAA /* HardDependenciesTestsUITests.xctest */ = {isa = PBXFileReference; explicitFileType = wrapper.cfbundle; includeInIndex = 0; path = HardDependenciesTestsUITests.xctest; sourceTree = BUILT_PRODUCTS_DIR; };
		E141384526D65E5200300CAA /* HardDependenciesTestsUITests.swift */ = {isa = PBXFileReference; lastKnownFileType = sourcecode.swift; path = HardDependenciesTestsUITests.swift; sourceTree = "<group>"; };
		E141384726D65E5200300CAA /* Info.plist */ = {isa = PBXFileReference; lastKnownFileType = text.plist.xml; path = Info.plist; sourceTree = "<group>"; };
/* End PBXFileReference section */

/* Begin PBXFrameworksBuildPhase section */
		E141381D26D65E4D00300CAA /* Frameworks */ = {
			isa = PBXFrameworksBuildPhase;
			buildActionMask = 2147483647;
			files = (
			);
			runOnlyForDeploymentPostprocessing = 0;
		};
		E141383326D65E5200300CAA /* Frameworks */ = {
			isa = PBXFrameworksBuildPhase;
			buildActionMask = 2147483647;
			files = (
			);
			runOnlyForDeploymentPostprocessing = 0;
		};
		E141383E26D65E5200300CAA /* Frameworks */ = {
			isa = PBXFrameworksBuildPhase;
			buildActionMask = 2147483647;
			files = (
			);
			runOnlyForDeploymentPostprocessing = 0;
		};
/* End PBXFrameworksBuildPhase section */

/* Begin PBXGroup section */
		E141381726D65E4D00300CAA = {
			isa = PBXGroup;
			children = (
				E141382226D65E4D00300CAA /* HardDependenciesTests */,
				E141383926D65E5200300CAA /* HardDependenciesTestsTests */,
				E141384426D65E5200300CAA /* HardDependenciesTestsUITests */,
				E141382126D65E4D00300CAA /* Products */,
			);
			sourceTree = "<group>";
		};
		E141382126D65E4D00300CAA /* Products */ = {
			isa = PBXGroup;
			children = (
				E141382026D65E4D00300CAA /* HardDependenciesTests.app */,
				E141383626D65E5200300CAA /* HardDependenciesTestsTests.xctest */,
				E141384126D65E5200300CAA /* HardDependenciesTestsUITests.xctest */,
			);
			name = Products;
			sourceTree = "<group>";
		};
		E141382226D65E4D00300CAA /* HardDependenciesTests */ = {
			isa = PBXGroup;
			children = (
				E141382326D65E4D00300CAA /* AppDelegate.swift */,
				E141382526D65E4D00300CAA /* SceneDelegate.swift */,
				E141382726D65E4D00300CAA /* ViewController.swift */,
				E141382926D65E4D00300CAA /* Main.storyboard */,
				E141382C26D65E5100300CAA /* Assets.xcassets */,
				E141382E26D65E5100300CAA /* LaunchScreen.storyboard */,
				E141383126D65E5100300CAA /* Info.plist */,
			);
			path = HardDependenciesTests;
			sourceTree = "<group>";
		};
		E141383926D65E5200300CAA /* HardDependenciesTestsTests */ = {
			isa = PBXGroup;
			children = (
				E141383A26D65E5200300CAA /* HardDependenciesTestsTests.swift */,
				E141383C26D65E5200300CAA /* Info.plist */,
			);
			path = HardDependenciesTestsTests;
			sourceTree = "<group>";
		};
		E141384426D65E5200300CAA /* HardDependenciesTestsUITests */ = {
			isa = PBXGroup;
			children = (
				E141384526D65E5200300CAA /* HardDependenciesTestsUITests.swift */,
				E141384726D65E5200300CAA /* Info.plist */,
			);
			path = HardDependenciesTestsUITests;
			sourceTree = "<group>";
		};
/* End PBXGroup section */

/* Begin PBXNativeTarget section */
		E141381F26D65E4D00300CAA /* HardDependenciesTests */ = {
			isa = PBXNativeTarget;
			buildConfigurationList = E141384A26D65E5200300CAA /* Build configuration list for PBXNativeTarget "HardDependenciesTests" */;
			buildPhases = (
				E141381C26D65E4D00300CAA /* Sources */,
				E141381D26D65E4D00300CAA /* Frameworks */,
				E141381E26D65E4D00300CAA /* Resources */,
			);
			buildRules = (
			);
			dependencies = (
			);
			name = HardDependenciesTests;
			productName = HardDependenciesTests;
			productReference = E141382026D65E4D00300CAA /* HardDependenciesTests.app */;
			productType = "com.apple.product-type.application";
		};
		E141383526D65E5200300CAA /* HardDependenciesTestsTests */ = {
			isa = PBXNativeTarget;
			buildConfigurationList = E141384D26D65E5200300CAA /* Build configuration list for PBXNativeTarget "HardDependenciesTestsTests" */;
			buildPhases = (
				E141383226D65E5200300CAA /* Sources */,
				E141383326D65E5200300CAA /* Frameworks */,
				E141383426D65E5200300CAA /* Resources */,
			);
			buildRules = (
			);
			dependencies = (
				E141383826D65E5200300CAA /* PBXTargetDependency */,
			);
			name = HardDependenciesTestsTests;
			productName = HardDependenciesTestsTests;
			productReference = E141383626D65E5200300CAA /* HardDependenciesTestsTests.xctest */;
			productType = "com.apple.product-type.bundle.unit-test";
		};
		E141384026D65E5200300CAA /* HardDependenciesTestsUITests */ = {
			isa = PBXNativeTarget;
			buildConfigurationList = E141385026D65E5200300CAA /* Build configuration list for PBXNativeTarget "HardDependenciesTestsUITests" */;
			buildPhases = (
				E141383D26D65E5200300CAA /* Sources */,
				E141383E26D65E5200300CAA /* Frameworks */,
				E141383F26D65E5200300CAA /* Resources */,
			);
			buildRules = (
			);
			dependencies = (
				E141384326D65E5200300CAA /* PBXTargetDependency */,
			);
			name = HardDependenciesTestsUITests;
			productName = HardDependenciesTestsUITests;
			productReference = E141384126D65E5200300CAA /* HardDependenciesTestsUITests.xctest */;
			productType = "com.apple.product-type.bundle.ui-testing";
		};
/* End PBXNativeTarget section */

/* Begin PBXProject section */
		E141381826D65E4D00300CAA /* Project object */ = {
			isa = PBXProject;
			attributes = {
				LastSwiftUpdateCheck = 1250;
				LastUpgradeCheck = 1250;
				TargetAttributes = {
					E141381F26D65E4D00300CAA = {
						CreatedOnToolsVersion = 12.5.1;
					};
					E141383526D65E5200300CAA = {
						CreatedOnToolsVersion = 12.5.1;
						TestTargetID = E141381F26D65E4D00300CAA;
					};
					E141384026D65E5200300CAA = {
						CreatedOnToolsVersion = 12.5.1;
						TestTargetID = E141381F26D65E4D00300CAA;
					};
				};
			};
			buildConfigurationList = E141381B26D65E4D00300CAA /* Build configuration list for PBXProject "HardDependenciesTests" */;
			compatibilityVersion = "Xcode 9.3";
			developmentRegion = en;
			hasScannedForEncodings = 0;
			knownRegions = (
				en,
				Base,
			);
			mainGroup = E141381726D65E4D00300CAA;
			productRefGroup = E141382126D65E4D00300CAA /* Products */;
			projectDirPath = "";
			projectRoot = "";
			targets = (
				E141381F26D65E4D00300CAA /* HardDependenciesTests */,
				E141383526D65E5200300CAA /* HardDependenciesTestsTests */,
				E141384026D65E5200300CAA /* HardDependenciesTestsUITests */,
			);
		};
/* End PBXProject section */

/* Begin PBXResourcesBuildPhase section */
		E141381E26D65E4D00300CAA /* Resources */ = {
			isa = PBXResourcesBuildPhase;
			buildActionMask = 2147483647;
			files = (
				E141383026D65E5100300CAA /* LaunchScreen.storyboard in Resources */,
				E141382D26D65E5100300CAA /* Assets.xcassets in Resources */,
				E141382B26D65E4D00300CAA /* Main.storyboard in Resources */,
			);
			runOnlyForDeploymentPostprocessing = 0;
		};
		E141383426D65E5200300CAA /* Resources */ = {
			isa = PBXResourcesBuildPhase;
			buildActionMask = 2147483647;
			files = (
			);
			runOnlyForDeploymentPostprocessing = 0;
		};
		E141383F26D65E5200300CAA /* Resources */ = {
			isa = PBXResourcesBuildPhase;
			buildActionMask = 2147483647;
			files = (
			);
			runOnlyForDeploymentPostprocessing = 0;
		};
/* End PBXResourcesBuildPhase section */

/* Begin PBXSourcesBuildPhase section */
		E141381C26D65E4D00300CAA /* Sources */ = {
			isa = PBXSourcesBuildPhase;
			buildActionMask = 2147483647;
			files = (
				E141382826D65E4D00300CAA /* ViewController.swift in Sources */,
				E141382426D65E4D00300CAA /* AppDelegate.swift in Sources */,
				E141382626D65E4D00300CAA /* SceneDelegate.swift in Sources */,
			);
			runOnlyForDeploymentPostprocessing = 0;
		};
		E141383226D65E5200300CAA /* Sources */ = {
			isa = PBXSourcesBuildPhase;
			buildActionMask = 2147483647;
			files = (
				E141383B26D65E5200300CAA /* HardDependenciesTestsTests.swift in Sources */,
			);
			runOnlyForDeploymentPostprocessing = 0;
		};
		E141383D26D65E5200300CAA /* Sources */ = {
			isa = PBXSourcesBuildPhase;
			buildActionMask = 2147483647;
			files = (
				E141384626D65E5200300CAA /* HardDependenciesTestsUITests.swift in Sources */,
			);
			runOnlyForDeploymentPostprocessing = 0;
		};
/* End PBXSourcesBuildPhase section */

/* Begin PBXTargetDependency section */
		E141383826D65E5200300CAA /* PBXTargetDependency */ = {
			isa = PBXTargetDependency;
			target = E141381F26D65E4D00300CAA /* HardDependenciesTests */;
			targetProxy = E141383726D65E5200300CAA /* PBXContainerItemProxy */;
		};
		E141384326D65E5200300CAA /* PBXTargetDependency */ = {
			isa = PBXTargetDependency;
			target = E141381F26D65E4D00300CAA /* HardDependenciesTests */;
			targetProxy = E141384226D65E5200300CAA /* PBXContainerItemProxy */;
		};
/* End PBXTargetDependency section */

/* Begin PBXVariantGroup section */
		E141382926D65E4D00300CAA /* Main.storyboard */ = {
			isa = PBXVariantGroup;
			children = (
				E141382A26D65E4D00300CAA /* Base */,
			);
			name = Main.storyboard;
			sourceTree = "<group>";
		};
		E141382E26D65E5100300CAA /* LaunchScreen.storyboard */ = {
			isa = PBXVariantGroup;
			children = (
				E141382F26D65E5100300CAA /* Base */,
			);
			name = LaunchScreen.storyboard;
			sourceTree = "<group>";
		};
/* End PBXVariantGroup section */

/* Begin XCBuildConfiguration section */
		E141384826D65E5200300CAA /* Debug */ = {
			isa = XCBuildConfiguration;
			buildSettings = {
				ALWAYS_SEARCH_USER_PATHS = NO;
				CLANG_ANALYZER_NONNULL = YES;
				CLANG_ANALYZER_NUMBER_OBJECT_CONVERSION = YES_AGGRESSIVE;
				CLANG_CXX_LANGUAGE_STANDARD = "gnu++14";
				CLANG_CXX_LIBRARY = "libc++";
				CLANG_ENABLE_MODULES = YES;
				CLANG_ENABLE_OBJC_ARC = YES;
				CLANG_ENABLE_OBJC_WEAK = YES;
				CLANG_WARN_BLOCK_CAPTURE_AUTORELEASING = YES;
				CLANG_WARN_BOOL_CONVERSION = YES;
				CLANG_WARN_COMMA = YES;
				CLANG_WARN_CONSTANT_CONVERSION = YES;
				CLANG_WARN_DEPRECATED_OBJC_IMPLEMENTATIONS = YES;
				CLANG_WARN_DIRECT_OBJC_ISA_USAGE = YES_ERROR;
				CLANG_WARN_DOCUMENTATION_COMMENTS = YES;
				CLANG_WARN_EMPTY_BODY = YES;
				CLANG_WARN_ENUM_CONVERSION = YES;
				CLANG_WARN_INFINITE_RECURSION = YES;
				CLANG_WARN_INT_CONVERSION = YES;
				CLANG_WARN_NON_LITERAL_NULL_CONVERSION = YES;
				CLANG_WARN_OBJC_IMPLICIT_RETAIN_SELF = YES;
				CLANG_WARN_OBJC_LITERAL_CONVERSION = YES;
				CLANG_WARN_OBJC_ROOT_CLASS = YES_ERROR;
				CLANG_WARN_QUOTED_INCLUDE_IN_FRAMEWORK_HEADER = YES;
				CLANG_WARN_RANGE_LOOP_ANALYSIS = YES;
				CLANG_WARN_STRICT_PROTOTYPES = YES;
				CLANG_WARN_SUSPICIOUS_MOVE = YES;
				CLANG_WARN_UNGUARDED_AVAILABILITY = YES_AGGRESSIVE;
				CLANG_WARN_UNREACHABLE_CODE = YES;
				CLANG_WARN__DUPLICATE_METHOD_MATCH = YES;
				COPY_PHASE_STRIP = NO;
				DEBUG_INFORMATION_FORMAT = dwarf;
				ENABLE_STRICT_OBJC_MSGSEND = YES;
				ENABLE_TESTABILITY = YES;
				GCC_C_LANGUAGE_STANDARD = gnu11;
				GCC_DYNAMIC_NO_PIC = NO;
				GCC_NO_COMMON_BLOCKS = YES;
				GCC_OPTIMIZATION_LEVEL = 0;
				GCC_PREPROCESSOR_DEFINITIONS = (
					"DEBUG=1",
					"$(inherited)",
				);
				GCC_WARN_64_TO_32_BIT_CONVERSION = YES;
				GCC_WARN_ABOUT_RETURN_TYPE = YES_ERROR;
				GCC_WARN_UNDECLARED_SELECTOR = YES;
				GCC_WARN_UNINITIALIZED_AUTOS = YES_AGGRESSIVE;
				GCC_WARN_UNUSED_FUNCTION = YES;
				GCC_WARN_UNUSED_VARIABLE = YES;
				IPHONEOS_DEPLOYMENT_TARGET = 14.5;
				MTL_ENABLE_DEBUG_INFO = INCLUDE_SOURCE;
				MTL_FAST_MATH = YES;
				ONLY_ACTIVE_ARCH = YES;
				SDKROOT = iphoneos;
				SWIFT_ACTIVE_COMPILATION_CONDITIONS = DEBUG;
				SWIFT_OPTIMIZATION_LEVEL = "-Onone";
			};
			name = Debug;
		};
		E141384926D65E5200300CAA /* Release */ = {
			isa = XCBuildConfiguration;
			buildSettings = {
				ALWAYS_SEARCH_USER_PATHS = NO;
				CLANG_ANALYZER_NONNULL = YES;
				CLANG_ANALYZER_NUMBER_OBJECT_CONVERSION = YES_AGGRESSIVE;
				CLANG_CXX_LANGUAGE_STANDARD = "gnu++14";
				CLANG_CXX_LIBRARY = "libc++";
				CLANG_ENABLE_MODULES = YES;
				CLANG_ENABLE_OBJC_ARC = YES;
				CLANG_ENABLE_OBJC_WEAK = YES;
				CLANG_WARN_BLOCK_CAPTURE_AUTORELEASING = YES;
				CLANG_WARN_BOOL_CONVERSION = YES;
				CLANG_WARN_COMMA = YES;
				CLANG_WARN_CONSTANT_CONVERSION = YES;
				CLANG_WARN_DEPRECATED_OBJC_IMPLEMENTATIONS = YES;
				CLANG_WARN_DIRECT_OBJC_ISA_USAGE = YES_ERROR;
				CLANG_WARN_DOCUMENTATION_COMMENTS = YES;
				CLANG_WARN_EMPTY_BODY = YES;
				CLANG_WARN_ENUM_CONVERSION = YES;
				CLANG_WARN_INFINITE_RECURSION = YES;
				CLANG_WARN_INT_CONVERSION = YES;
				CLANG_WARN_NON_LITERAL_NULL_CONVERSION = YES;
				CLANG_WARN_OBJC_IMPLICIT_RETAIN_SELF = YES;
				CLANG_WARN_OBJC_LITERAL_CONVERSION = YES;
				CLANG_WARN_OBJC_ROOT_CLASS = YES_ERROR;
				CLANG_WARN_QUOTED_INCLUDE_IN_FRAMEWORK_HEADER = YES;
				CLANG_WARN_RANGE_LOOP_ANALYSIS = YES;
				CLANG_WARN_STRICT_PROTOTYPES = YES;
				CLANG_WARN_SUSPICIOUS_MOVE = YES;
				CLANG_WARN_UNGUARDED_AVAILABILITY = YES_AGGRESSIVE;
				CLANG_WARN_UNREACHABLE_CODE = YES;
				CLANG_WARN__DUPLICATE_METHOD_MATCH = YES;
				COPY_PHASE_STRIP = NO;
				DEBUG_INFORMATION_FORMAT = "dwarf-with-dsym";
				ENABLE_NS_ASSERTIONS = NO;
				ENABLE_STRICT_OBJC_MSGSEND = YES;
				GCC_C_LANGUAGE_STANDARD = gnu11;
				GCC_NO_COMMON_BLOCKS = YES;
				GCC_WARN_64_TO_32_BIT_CONVERSION = YES;
				GCC_WARN_ABOUT_RETURN_TYPE = YES_ERROR;
				GCC_WARN_UNDECLARED_SELECTOR = YES;
				GCC_WARN_UNINITIALIZED_AUTOS = YES_AGGRESSIVE;
				GCC_WARN_UNUSED_FUNCTION = YES;
				GCC_WARN_UNUSED_VARIABLE = YES;
				IPHONEOS_DEPLOYMENT_TARGET = 14.5;
				MTL_ENABLE_DEBUG_INFO = NO;
				MTL_FAST_MATH = YES;
				SDKROOT = iphoneos;
				SWIFT_COMPILATION_MODE = wholemodule;
				SWIFT_OPTIMIZATION_LEVEL = "-O";
				VALIDATE_PRODUCT = YES;
			};
			name = Release;
		};
		E141384B26D65E5200300CAA /* Debug */ = {
			isa = XCBuildConfiguration;
			buildSettings = {
				ASSETCATALOG_COMPILER_APPICON_NAME = AppIcon;
				ASSETCATALOG_COMPILER_GLOBAL_ACCENT_COLOR_NAME = AccentColor;
				CODE_SIGN_STYLE = Automatic;
				DEVELOPMENT_TEAM = T6T6SV744W;
				INFOPLIST_FILE = HardDependenciesTests/Info.plist;
				LD_RUNPATH_SEARCH_PATHS = (
					"$(inherited)",
					"@executable_path/Frameworks",
				);
				PRODUCT_BUNDLE_IDENTIFIER = jotkafomat.HardDependenciesTests;
				PRODUCT_NAME = "$(TARGET_NAME)";
				SWIFT_VERSION = 5.0;
				TARGETED_DEVICE_FAMILY = "1,2";
			};
			name = Debug;
		};
		E141384C26D65E5200300CAA /* Release */ = {
			isa = XCBuildConfiguration;
			buildSettings = {
				ASSETCATALOG_COMPILER_APPICON_NAME = AppIcon;
				ASSETCATALOG_COMPILER_GLOBAL_ACCENT_COLOR_NAME = AccentColor;
				CODE_SIGN_STYLE = Automatic;
				DEVELOPMENT_TEAM = T6T6SV744W;
				INFOPLIST_FILE = HardDependenciesTests/Info.plist;
				LD_RUNPATH_SEARCH_PATHS = (
					"$(inherited)",
					"@executable_path/Frameworks",
				);
				PRODUCT_BUNDLE_IDENTIFIER = jotkafomat.HardDependenciesTests;
				PRODUCT_NAME = "$(TARGET_NAME)";
				SWIFT_VERSION = 5.0;
				TARGETED_DEVICE_FAMILY = "1,2";
			};
			name = Release;
		};
		E141384E26D65E5200300CAA /* Debug */ = {
			isa = XCBuildConfiguration;
			buildSettings = {
				ALWAYS_EMBED_SWIFT_STANDARD_LIBRARIES = YES;
				BUNDLE_LOADER = "$(TEST_HOST)";
				CODE_SIGN_STYLE = Automatic;
				DEVELOPMENT_TEAM = T6T6SV744W;
				INFOPLIST_FILE = HardDependenciesTestsTests/Info.plist;
				IPHONEOS_DEPLOYMENT_TARGET = 14.5;
				LD_RUNPATH_SEARCH_PATHS = (
					"$(inherited)",
					"@executable_path/Frameworks",
					"@loader_path/Frameworks",
				);
				PRODUCT_BUNDLE_IDENTIFIER = jotkafomat.HardDependenciesTestsTests;
				PRODUCT_NAME = "$(TARGET_NAME)";
				SWIFT_VERSION = 5.0;
				TARGETED_DEVICE_FAMILY = "1,2";
				TEST_HOST = "$(BUILT_PRODUCTS_DIR)/HardDependenciesTests.app/HardDependenciesTests";
			};
			name = Debug;
		};
		E141384F26D65E5200300CAA /* Release */ = {
			isa = XCBuildConfiguration;
			buildSettings = {
				ALWAYS_EMBED_SWIFT_STANDARD_LIBRARIES = YES;
				BUNDLE_LOADER = "$(TEST_HOST)";
				CODE_SIGN_STYLE = Automatic;
				DEVELOPMENT_TEAM = T6T6SV744W;
				INFOPLIST_FILE = HardDependenciesTestsTests/Info.plist;
				IPHONEOS_DEPLOYMENT_TARGET = 14.5;
				LD_RUNPATH_SEARCH_PATHS = (
					"$(inherited)",
					"@executable_path/Frameworks",
					"@loader_path/Frameworks",
				);
				PRODUCT_BUNDLE_IDENTIFIER = jotkafomat.HardDependenciesTestsTests;
				PRODUCT_NAME = "$(TARGET_NAME)";
				SWIFT_VERSION = 5.0;
				TARGETED_DEVICE_FAMILY = "1,2";
				TEST_HOST = "$(BUILT_PRODUCTS_DIR)/HardDependenciesTests.app/HardDependenciesTests";
			};
			name = Release;
		};
		E141385126D65E5200300CAA /* Debug */ = {
			isa = XCBuildConfiguration;
			buildSettings = {
				ALWAYS_EMBED_SWIFT_STANDARD_LIBRARIES = YES;
				CODE_SIGN_STYLE = Automatic;
				DEVELOPMENT_TEAM = T6T6SV744W;
				INFOPLIST_FILE = HardDependenciesTestsUITests/Info.plist;
				LD_RUNPATH_SEARCH_PATHS = (
					"$(inherited)",
					"@executable_path/Frameworks",
					"@loader_path/Frameworks",
				);
				PRODUCT_BUNDLE_IDENTIFIER = jotkafomat.HardDependenciesTestsUITests;
				PRODUCT_NAME = "$(TARGET_NAME)";
				SWIFT_VERSION = 5.0;
				TARGETED_DEVICE_FAMILY = "1,2";
				TEST_TARGET_NAME = HardDependenciesTests;
			};
			name = Debug;
		};
		E141385226D65E5200300CAA /* Release */ = {
			isa = XCBuildConfiguration;
			buildSettings = {
				ALWAYS_EMBED_SWIFT_STANDARD_LIBRARIES = YES;
				CODE_SIGN_STYLE = Automatic;
				DEVELOPMENT_TEAM = T6T6SV744W;
				INFOPLIST_FILE = HardDependenciesTestsUITests/Info.plist;
				LD_RUNPATH_SEARCH_PATHS = (
					"$(inherited)",
					"@executable_path/Frameworks",
					"@loader_path/Frameworks",
				);
				PRODUCT_BUNDLE_IDENTIFIER = jotkafomat.HardDependenciesTestsUITests;
				PRODUCT_NAME = "$(TARGET_NAME)";
				SWIFT_VERSION = 5.0;
				TARGETED_DEVICE_FAMILY = "1,2";
				TEST_TARGET_NAME = HardDependenciesTests;
			};
			name = Release;
		};
/* End XCBuildConfiguration section */

/* Begin XCConfigurationList section */
		E141381B26D65E4D00300CAA /* Build configuration list for PBXProject "HardDependenciesTests" */ = {
			isa = XCConfigurationList;
			buildConfigurations = (
				E141384826D65E5200300CAA /* Debug */,
				E141384926D65E5200300CAA /* Release */,
			);
			defaultConfigurationIsVisible = 0;
			defaultConfigurationName = Release;
		};
		E141384A26D65E5200300CAA /* Build configuration list for PBXNativeTarget "HardDependenciesTests" */ = {
			isa = XCConfigurationList;
			buildConfigurations = (
				E141384B26D65E5200300CAA /* Debug */,
				E141384C26D65E5200300CAA /* Release */,
			);
			defaultConfigurationIsVisible = 0;
			defaultConfigurationName = Release;
		};
		E141384D26D65E5200300CAA /* Build configuration list for PBXNativeTarget "HardDependenciesTestsTests" */ = {
			isa = XCConfigurationList;
			buildConfigurations = (
				E141384E26D65E5200300CAA /* Debug */,
				E141384F26D65E5200300CAA /* Release */,
			);
			defaultConfigurationIsVisible = 0;
			defaultConfigurationName = Release;
		};
		E141385026D65E5200300CAA /* Build configuration list for PBXNativeTarget "HardDependenciesTestsUITests" */ = {
			isa = XCConfigurationList;
			buildConfigurations = (
				E141385126D65E5200300CAA /* Debug */,
				E141385226D65E5200300CAA /* Release */,
			);
			defaultConfigurationIsVisible = 0;
			defaultConfigurationName = Release;
		};
/* End XCConfigurationList section */
	};
	rootObject = E141381826D65E4D00300CAA /* Project object */;
}
